apiVersion: vendir.k14s.io/v1alpha1
directories:
- contents:
  - git:
      commitTitle: Telegraf v1.16.3
      sha: c7f217282543ec72bd871d4caf827d4a6bebfa5c
      tags:
      - v1.16.3
    path: telegraf
  - git:
      commitTitle: Add a build info metric (#323)...
      sha: aeec47ead4ad3941cf1b6588b1ac5a44ca9e9c4b
      tags:
      - v0.8.0
    path: postgres_exporter
  - git:
      commitTitle: Release 0.11.0 (#107)...
      sha: aafa2f0e851f2e07772a388dbf4590484513a19f
    path: stackdriver_exporter
  - git:
      commitTitle: set version to 0.30.0
      sha: 98c00dd09dae7a75f3c31e89e7d855671d6a9dce
      tags:
      - v0.30.0
    path: ytt
  path: src
kind: LockConfig
